
Microsoft Visual Studio Solution File, Format Version 12.00
# Visual Studio Version 17
VisualStudioVersion = 17.0.31903.59
MinimumVisualStudioVersion = 10.0.40219.1
Project("{2150E333-8FDC-42A3-9474-1A3956D46DE8}") = "src", "src", "{827E0CD3-B72D-47B6-A68D-7590B98EB39B}"
EndProject
Project("{FAE04EC0-301F-11D3-BF4B-00C04F79EFBC}") = "Bsgo.Protocol", "src\Bsgo.Protocol\Bsgo.Protocol.csproj", "{9D9DB670-1077-4F62-B38C-FDB466914C83}"
EndProject
Project("{FAE04EC0-301F-11D3-BF4B-00C04F79EFBC}") = "Bsgo.Server", "src\Bsgo.Server\Bsgo.Server.csproj", "{22441261-5E06-4678-A4FC-25AA0F2A0AEE}"
EndProject
Project("{FAE04EC0-301F-11D3-BF4B-00C04F79EFBC}") = "Bsgo.Protocol.Tests", "tests\Bsgo.Protocol.Tests\Bsgo.Protocol.Tests.csproj", "{032C44E3-A97F-4B63-958D-7A8E478F02CE}"
EndProject
Project("{2150E333-8FDC-42A3-9474-1A3956D46DE8}") = "tests", "tests", "{0AB3BF05-4346-4AA6-1389-037BE0695223}"
EndProject
Project("{FAE04EC0-301F-11D3-BF4B-00C04F79EFBC}") = "Bsgo.Server.Tests", "tests\Bsgo.Server.Tests\Bsgo.Server.Tests.csproj", "{012A48C3-797B-4287-B7BB-93B627BA4FF0}"
EndProject
Global
	GlobalSection(SolutionConfigurationPlatforms) = preSolution
		Debug|Any CPU = Debug|Any CPU
		Debug|x64 = Debug|x64
		Debug|x86 = Debug|x86
		Release|Any CPU = Release|Any CPU
		Release|x64 = Release|x64
		Release|x86 = Release|x86
	EndGlobalSection
	GlobalSection(ProjectConfigurationPlatforms) = postSolution
		{9D9DB670-1077-4F62-B38C-FDB466914C83}.Debug|Any CPU.ActiveCfg = Debug|Any CPU
		{9D9DB670-1077-4F62-B38C-FDB466914C83}.Debug|Any CPU.Build.0 = Debug|Any CPU
		{9D9DB670-1077-4F62-B38C-FDB466914C83}.Debug|x64.ActiveCfg = Debug|Any CPU
		{9D9DB670-1077-4F62-B38C-FDB466914C83}.Debug|x64.Build.0 = Debug|Any CPU
		{9D9DB670-1077-4F62-B38C-FDB466914C83}.Debug|x86.ActiveCfg = Debug|Any CPU
		{9D9DB670-1077-4F62-B38C-FDB466914C83}.Debug|x86.Build.0 = Debug|Any CPU
		{9D9DB670-1077-4F62-B38C-FDB466914C83}.Release|Any CPU.ActiveCfg = Release|Any CPU
		{9D9DB670-1077-4F62-B38C-FDB466914C83}.Release|Any CPU.Build.0 = Release|Any CPU
		{9D9DB670-1077-4F62-B38C-FDB466914C83}.Release|x64.ActiveCfg = Release|Any CPU
		{9D9DB670-1077-4F62-B38C-FDB466914C83}.Release|x64.Build.0 = Release|Any CPU
		{9D9DB670-1077-4F62-B38C-FDB466914C83}.Release|x86.ActiveCfg = Release|Any CPU
		{9D9DB670-1077-4F62-B38C-FDB466914C83}.Release|x86.Build.0 = Release|Any CPU
		{22441261-5E06-4678-A4FC-25AA0F2A0AEE}.Debug|Any CPU.ActiveCfg = Debug|Any CPU
		{22441261-5E06-4678-A4FC-25AA0F2A0AEE}.Debug|Any CPU.Build.0 = Debug|Any CPU
		{22441261-5E06-4678-A4FC-25AA0F2A0AEE}.Debug|x64.ActiveCfg = Debug|Any CPU
		{22441261-5E06-4678-A4FC-25AA0F2A0AEE}.Debug|x64.Build.0 = Debug|Any CPU
		{22441261-5E06-4678-A4FC-25AA0F2A0AEE}.Debug|x86.ActiveCfg = Debug|Any CPU
		{22441261-5E06-4678-A4FC-25AA0F2A0AEE}.Debug|x86.Build.0 = Debug|Any CPU
		{22441261-5E06-4678-A4FC-25AA0F2A0AEE}.Release|Any CPU.ActiveCfg = Release|Any CPU
		{22441261-5E06-4678-A4FC-25AA0F2A0AEE}.Release|Any CPU.Build.0 = Release|Any CPU
		{22441261-5E06-4678-A4FC-25AA0F2A0AEE}.Release|x64.ActiveCfg = Release|Any CPU
		{22441261-5E06-4678-A4FC-25AA0F2A0AEE}.Release|x64.Build.0 = Release|Any CPU
		{22441261-5E06-4678-A4FC-25AA0F2A0AEE}.Release|x86.ActiveCfg = Release|Any CPU
		{22441261-5E06-4678-A4FC-25AA0F2A0AEE}.Release|x86.Build.0 = Release|Any CPU
		{032C44E3-A97F-4B63-958D-7A8E478F02CE}.Debug|Any CPU.ActiveCfg = Debug|Any CPU
		{032C44E3-A97F-4B63-958D-7A8E478F02CE}.Debug|Any CPU.Build.0 = Debug|Any CPU
		{032C44E3-A97F-4B63-958D-7A8E478F02CE}.Debug|x64.ActiveCfg = Debug|Any CPU
		{032C44E3-A97F-4B63-958D-7A8E478F02CE}.Debug|x64.Build.0 = Debug|Any CPU
		{032C44E3-A97F-4B63-958D-7A8E478F02CE}.Debug|x86.ActiveCfg = Debug|Any CPU
		{032C44E3-A97F-4B63-958D-7A8E478F02CE}.Debug|x86.Build.0 = Debug|Any CPU
		{032C44E3-A97F-4B63-958D-7A8E478F02CE}.Release|Any CPU.ActiveCfg = Release|Any CPU
		{032C44E3-A97F-4B63-958D-7A8E478F02CE}.Release|Any CPU.Build.0 = Release|Any CPU
		{032C44E3-A97F-4B63-958D-7A8E478F02CE}.Release|x64.ActiveCfg = Release|Any CPU
		{032C44E3-A97F-4B63-958D-7A8E478F02CE}.Release|x64.Build.0 = Release|Any CPU
		{032C44E3-A97F-4B63-958D-7A8E478F02CE}.Release|x86.ActiveCfg = Release|Any CPU
		{032C44E3-A97F-4B63-958D-7A8E478F02CE}.Release|x86.Build.0 = Release|Any CPU
		{012A48C3-797B-4287-B7BB-93B627BA4FF0}.Debug|Any CPU.ActiveCfg = Debug|Any CPU
		{012A48C3-797B-4287-B7BB-93B627BA4FF0}.Debug|Any CPU.Build.0 = Debug|Any CPU
		{012A48C3-797B-4287-B7BB-93B627BA4FF0}.Debug|x64.ActiveCfg = Debug|Any CPU
		{012A48C3-797B-4287-B7BB-93B627BA4FF0}.Debug|x64.Build.0 = Debug|Any CPU
		{012A48C3-797B-4287-B7BB-93B627BA4FF0}.Debug|x86.ActiveCfg = Debug|Any CPU
		{012A48C3-797B-4287-B7BB-93B627BA4FF0}.Debug|x86.Build.0 = Debug|Any CPU
		{012A48C3-797B-4287-B7BB-93B627BA4FF0}.Release|Any CPU.ActiveCfg = Release|Any CPU
		{012A48C3-797B-4287-B7BB-93B627BA4FF0}.Release|Any CPU.Build.0 = Release|Any CPU
		{012A48C3-797B-4287-B7BB-93B627BA4FF0}.Release|x64.ActiveCfg = Release|Any CPU
		{012A48C3-797B-4287-B7BB-93B627BA4FF0}.Release|x64.Build.0 = Release|Any CPU
		{012A48C3-797B-4287-B7BB-93B627BA4FF0}.Release|x86.ActiveCfg = Release|Any CPU
		{012A48C3-797B-4287-B7BB-93B627BA4FF0}.Release|x86.Build.0 = Release|Any CPU
	EndGlobalSection
	GlobalSection(SolutionProperties) = preSolution
		HideSolutionNode = FALSE
	EndGlobalSection
	GlobalSection(NestedProjects) = preSolution
		{9D9DB670-1077-4F62-B38C-FDB466914C83} = {827E0CD3-B72D-47B6-A68D-7590B98EB39B}
		{22441261-5E06-4678-A4FC-25AA0F2A0AEE} = {827E0CD3-B72D-47B6-A68D-7590B98EB39B}
		{032C44E3-A97F-4B63-958D-7A8E478F02CE} = {827E0CD3-B72D-47B6-A68D-7590B98EB39B}
		{012A48C3-797B-4287-B7BB-93B627BA4FF0} = {0AB3BF05-4346-4AA6-1389-037BE0695223}
	EndGlobalSection
EndGlobal
